
Microsoft Visual Studio Solution File, Format Version 12.00
# Visual Studio Version 17
VisualStudioVersion = 17.0.31903.59
MinimumVisualStudioVersion = 10.0.40219.1
Project("{8BC9CEB8-8B4A-11D0-8D11-00A0C91BC942}") = "WordleAssignment", "WordleAssignment\WordleAssignment.vcxproj", "{3EBF4443-21B7-4494-9677-695FB3652EF0}"
EndProject
Global
	GlobalSection(SolutionConfigurationPlatforms) = preSolution
		Debug|x64 = Debug|x64
		Debug|x86 = Debug|x86
		Release|x64 = Release|x64
		Release|x86 = Release|x86
	EndGlobalSection
	GlobalSection(ProjectConfigurationPlatforms) = postSolution
		{3EBF4443-21B7-4494-9677-695FB3652EF0}.Debug|x64.ActiveCfg = Debug|x64
		{3EBF4443-21B7-4494-9677-695FB3652EF0}.Debug|x64.Build.0 = Debug|x64
		{3EBF4443-21B7-4494-9677-695FB3652EF0}.Debug|x86.ActiveCfg = Debug|Win32
		{3EBF4443-21B7-4494-9677-695FB3652EF0}.Debug|x86.Build.0 = Debug|Win32
		{3EBF4443-21B7-4494-9677-695FB3652EF0}.Release|x64.ActiveCfg = Release|x64
		{3EBF4443-21B7-4494-9677-695FB3652EF0}.Release|x64.Build.0 = Release|x64
		{3EBF4443-21B7-4494-9677-695FB3652EF0}.Release|x86.ActiveCfg = Release|Win32
		{3EBF4443-21B7-4494-9677-695FB3652EF0}.Release|x86.Build.0 = Release|Win32
	EndGlobalSection
	GlobalSection(SolutionProperties) = preSolution
		HideSolutionNode = FALSE
	EndGlobalSection
	GlobalSection(ExtensibilityGlobals) = postSolution
		SolutionGuid = {340D8855-2C99-4CF9-8225-24A2B0DA286F}
	EndGlobalSection
EndGlobal
